// !$*UTF8*$!
{
	archiveVersion = 1;
	classes = {
	};
	objectVersion = 56;
	objects = {

/* Begin PBXBuildFile section */
		6BCF58DC2A2A255300C7B266 /* PolicyCell.swift in Sources */ = {isa = PBXBuildFile; fileRef = 6BCF58DB2A2A255300C7B266 /* PolicyCell.swift */; };
		6BCF58DE2A2A258E00C7B266 /* PolicyCellName.swift in Sources */ = {isa = PBXBuildFile; fileRef = 6BCF58DD2A2A258E00C7B266 /* PolicyCellName.swift */; };
		6BCF58E22A2A25D300C7B266 /* PolicyViewModel.swift in Sources */ = {isa = PBXBuildFile; fileRef = 6BCF58E12A2A25D300C7B266 /* PolicyViewModel.swift */; };
		6BCF58E42A2A260200C7B266 /* PolicyViewController.swift in Sources */ = {isa = PBXBuildFile; fileRef = 6BCF58E32A2A260200C7B266 /* PolicyViewController.swift */; };
		6BCF58E62A2A261800C7B266 /* HomeViewController.swift in Sources */ = {isa = PBXBuildFile; fileRef = 6BCF58E52A2A261800C7B266 /* HomeViewController.swift */; };
		6BCF58E82A2A26FE00C7B266 /* FacilityView.swift in Sources */ = {isa = PBXBuildFile; fileRef = 6BCF58E72A2A26FE00C7B266 /* FacilityView.swift */; };
		6BCF58EA2A2A271000C7B266 /* FindPolicyView.swift in Sources */ = {isa = PBXBuildFile; fileRef = 6BCF58E92A2A271000C7B266 /* FindPolicyView.swift */; };
		6BE73AF52A2DCEB20027F1B8 /* PolicyScript.swift in Sources */ = {isa = PBXBuildFile; fileRef = 6BE73AF42A2DCEB20027F1B8 /* PolicyScript.swift */; };
		9128AFF32A21D3FB00FB1252 /* AppDelegate.swift in Sources */ = {isa = PBXBuildFile; fileRef = 9128AFF22A21D3FB00FB1252 /* AppDelegate.swift */; };
		9128AFF52A21D3FB00FB1252 /* SceneDelegate.swift in Sources */ = {isa = PBXBuildFile; fileRef = 9128AFF42A21D3FB00FB1252 /* SceneDelegate.swift */; };
		9128AFF72A21D3FB00FB1252 /* TabBarController.swift in Sources */ = {isa = PBXBuildFile; fileRef = 9128AFF62A21D3FB00FB1252 /* TabBarController.swift */; };
		9128AFFC2A21D3FE00FB1252 /* Assets.xcassets in Resources */ = {isa = PBXBuildFile; fileRef = 9128AFFB2A21D3FE00FB1252 /* Assets.xcassets */; };
		9128AFFF2A21D3FE00FB1252 /* LaunchScreen.storyboard in Resources */ = {isa = PBXBuildFile; fileRef = 9128AFFD2A21D3FE00FB1252 /* LaunchScreen.storyboard */; };
		9128B0092A233BF300FB1252 /* BaseViewController.swift in Sources */ = {isa = PBXBuildFile; fileRef = 9128B0082A233BF300FB1252 /* BaseViewController.swift */; };
		9128B00B2A233C0E00FB1252 /* BaseUIView.swift in Sources */ = {isa = PBXBuildFile; fileRef = 9128B00A2A233C0E00FB1252 /* BaseUIView.swift */; };
		9128B0122A233CF600FB1252 /* LoadingView.swift in Sources */ = {isa = PBXBuildFile; fileRef = 9128B0112A233CF600FB1252 /* LoadingView.swift */; };
		9128B0162A233D1E00FB1252 /* UIColor+Extension.swift in Sources */ = {isa = PBXBuildFile; fileRef = 9128B0152A233D1E00FB1252 /* UIColor+Extension.swift */; };
		9128B0182A233D3000FB1252 /* UIStackView+Extension.swift in Sources */ = {isa = PBXBuildFile; fileRef = 9128B0172A233D3000FB1252 /* UIStackView+Extension.swift */; };
		9128B01A2A233D3C00FB1252 /* UIView+Extension.swift in Sources */ = {isa = PBXBuildFile; fileRef = 9128B0192A233D3C00FB1252 /* UIView+Extension.swift */; };
		9128B01D2A233DA000FB1252 /* ImageLiterals.swift in Sources */ = {isa = PBXBuildFile; fileRef = 9128B01C2A233DA000FB1252 /* ImageLiterals.swift */; };
		9128B0202A233E2300FB1252 /* SnapKit in Frameworks */ = {isa = PBXBuildFile; productRef = 9128B01F2A233E2300FB1252 /* SnapKit */; };
		9128B0232A233E6600FB1252 /* Moya in Frameworks */ = {isa = PBXBuildFile; productRef = 9128B0222A233E6600FB1252 /* Moya */; };
		915861902A2F1C5E00461F9A /* RxBlocking in Frameworks */ = {isa = PBXBuildFile; productRef = 9158618F2A2F1C5E00461F9A /* RxBlocking */; };
		915861922A2F1C5E00461F9A /* RxCocoa in Frameworks */ = {isa = PBXBuildFile; productRef = 915861912A2F1C5E00461F9A /* RxCocoa */; };
		915861942A2F1C5E00461F9A /* RxRelay in Frameworks */ = {isa = PBXBuildFile; productRef = 915861932A2F1C5E00461F9A /* RxRelay */; };
		915861962A2F1C5E00461F9A /* RxSwift in Frameworks */ = {isa = PBXBuildFile; productRef = 915861952A2F1C5E00461F9A /* RxSwift */; };
		91E7ED442A3AD665009AA343 /* MomContentsViewController.swift in Sources */ = {isa = PBXBuildFile; fileRef = 91E7ED432A3AD665009AA343 /* MomContentsViewController.swift */; };
		91E7ED462A3B2762009AA343 /* WebViewController.swift in Sources */ = {isa = PBXBuildFile; fileRef = 91E7ED452A3B2762009AA343 /* WebViewController.swift */; };
/* End PBXBuildFile section */

/* Begin PBXFileReference section */
		6BCF58DB2A2A255300C7B266 /* PolicyCell.swift */ = {isa = PBXFileReference; lastKnownFileType = sourcecode.swift; path = PolicyCell.swift; sourceTree = "<group>"; };
		6BCF58DD2A2A258E00C7B266 /* PolicyCellName.swift */ = {isa = PBXFileReference; lastKnownFileType = sourcecode.swift; path = PolicyCellName.swift; sourceTree = "<group>"; };
		6BCF58E12A2A25D300C7B266 /* PolicyViewModel.swift */ = {isa = PBXFileReference; lastKnownFileType = sourcecode.swift; path = PolicyViewModel.swift; sourceTree = "<group>"; };
		6BCF58E32A2A260200C7B266 /* PolicyViewController.swift */ = {isa = PBXFileReference; lastKnownFileType = sourcecode.swift; path = PolicyViewController.swift; sourceTree = "<group>"; };
		6BCF58E52A2A261800C7B266 /* HomeViewController.swift */ = {isa = PBXFileReference; lastKnownFileType = sourcecode.swift; path = HomeViewController.swift; sourceTree = "<group>"; };
		6BCF58E72A2A26FE00C7B266 /* FacilityView.swift */ = {isa = PBXFileReference; lastKnownFileType = sourcecode.swift; path = FacilityView.swift; sourceTree = "<group>"; };
		6BCF58E92A2A271000C7B266 /* FindPolicyView.swift */ = {isa = PBXFileReference; lastKnownFileType = sourcecode.swift; path = FindPolicyView.swift; sourceTree = "<group>"; };
		6BE73AF42A2DCEB20027F1B8 /* PolicyScript.swift */ = {isa = PBXFileReference; lastKnownFileType = sourcecode.swift; path = PolicyScript.swift; sourceTree = "<group>"; };
		9128AFEF2A21D3FB00FB1252 /* SeSACTON_iOS.app */ = {isa = PBXFileReference; explicitFileType = wrapper.application; includeInIndex = 0; path = SeSACTON_iOS.app; sourceTree = BUILT_PRODUCTS_DIR; };
		9128AFF22A21D3FB00FB1252 /* AppDelegate.swift */ = {isa = PBXFileReference; lastKnownFileType = sourcecode.swift; path = AppDelegate.swift; sourceTree = "<group>"; };
		9128AFF42A21D3FB00FB1252 /* SceneDelegate.swift */ = {isa = PBXFileReference; lastKnownFileType = sourcecode.swift; path = SceneDelegate.swift; sourceTree = "<group>"; };
		9128AFF62A21D3FB00FB1252 /* TabBarController.swift */ = {isa = PBXFileReference; lastKnownFileType = sourcecode.swift; path = TabBarController.swift; sourceTree = "<group>"; };
		9128AFFB2A21D3FE00FB1252 /* Assets.xcassets */ = {isa = PBXFileReference; lastKnownFileType = folder.assetcatalog; path = Assets.xcassets; sourceTree = "<group>"; };
		9128AFFE2A21D3FE00FB1252 /* Base */ = {isa = PBXFileReference; lastKnownFileType = file.storyboard; name = Base; path = Base.lproj/LaunchScreen.storyboard; sourceTree = "<group>"; };
		9128B0002A21D3FE00FB1252 /* Info.plist */ = {isa = PBXFileReference; lastKnownFileType = text.plist.xml; path = Info.plist; sourceTree = "<group>"; };
		9128B0082A233BF300FB1252 /* BaseViewController.swift */ = {isa = PBXFileReference; lastKnownFileType = sourcecode.swift; path = BaseViewController.swift; sourceTree = "<group>"; };
		9128B00A2A233C0E00FB1252 /* BaseUIView.swift */ = {isa = PBXFileReference; lastKnownFileType = sourcecode.swift; path = BaseUIView.swift; sourceTree = "<group>"; };
		9128B0112A233CF600FB1252 /* LoadingView.swift */ = {isa = PBXFileReference; lastKnownFileType = sourcecode.swift; path = LoadingView.swift; sourceTree = "<group>"; };
		9128B0152A233D1E00FB1252 /* UIColor+Extension.swift */ = {isa = PBXFileReference; lastKnownFileType = sourcecode.swift; path = "UIColor+Extension.swift"; sourceTree = "<group>"; };
		9128B0172A233D3000FB1252 /* UIStackView+Extension.swift */ = {isa = PBXFileReference; lastKnownFileType = sourcecode.swift; path = "UIStackView+Extension.swift"; sourceTree = "<group>"; };
		9128B0192A233D3C00FB1252 /* UIView+Extension.swift */ = {isa = PBXFileReference; lastKnownFileType = sourcecode.swift; path = "UIView+Extension.swift"; sourceTree = "<group>"; };
		9128B01C2A233DA000FB1252 /* ImageLiterals.swift */ = {isa = PBXFileReference; lastKnownFileType = sourcecode.swift; path = ImageLiterals.swift; sourceTree = "<group>"; };
		91E7ED432A3AD665009AA343 /* MomContentsViewController.swift */ = {isa = PBXFileReference; lastKnownFileType = sourcecode.swift; path = MomContentsViewController.swift; sourceTree = "<group>"; };
		91E7ED452A3B2762009AA343 /* WebViewController.swift */ = {isa = PBXFileReference; lastKnownFileType = sourcecode.swift; path = WebViewController.swift; sourceTree = "<group>"; };
/* End PBXFileReference section */

/* Begin PBXFrameworksBuildPhase section */
		9128AFEC2A21D3FB00FB1252 /* Frameworks */ = {
			isa = PBXFrameworksBuildPhase;
			buildActionMask = 2147483647;
			files = (
				915861962A2F1C5E00461F9A /* RxSwift in Frameworks */,
				915861942A2F1C5E00461F9A /* RxRelay in Frameworks */,
				9128B0232A233E6600FB1252 /* Moya in Frameworks */,
				915861902A2F1C5E00461F9A /* RxBlocking in Frameworks */,
				915861922A2F1C5E00461F9A /* RxCocoa in Frameworks */,
				9128B0202A233E2300FB1252 /* SnapKit in Frameworks */,
			);
			runOnlyForDeploymentPostprocessing = 0;
		};
/* End PBXFrameworksBuildPhase section */

/* Begin PBXGroup section */
		6BCF58D82A2A253F00C7B266 /* Policy */ = {
			isa = PBXGroup;
			children = (
				6BCF58D92A2A253F00C7B266 /* ViewModel */,
				6BCF58DA2A2A253F00C7B266 /* View */,
				6BCF58E32A2A260200C7B266 /* PolicyViewController.swift */,
				6BCF58E52A2A261800C7B266 /* HomeViewController.swift */,
				91E7ED432A3AD665009AA343 /* MomContentsViewController.swift */,
				91E7ED452A3B2762009AA343 /* WebViewController.swift */,
			);
			path = Policy;
			sourceTree = "<group>";
		};
		6BCF58D92A2A253F00C7B266 /* ViewModel */ = {
			isa = PBXGroup;
			children = (
				6BCF58E12A2A25D300C7B266 /* PolicyViewModel.swift */,
			);
			path = ViewModel;
			sourceTree = "<group>";
		};
		6BCF58DA2A2A253F00C7B266 /* View */ = {
			isa = PBXGroup;
			children = (
				6BCF58DB2A2A255300C7B266 /* PolicyCell.swift */,
				6BCF58DD2A2A258E00C7B266 /* PolicyCellName.swift */,
				6BCF58E72A2A26FE00C7B266 /* FacilityView.swift */,
				6BCF58E92A2A271000C7B266 /* FindPolicyView.swift */,
				6BE73AF42A2DCEB20027F1B8 /* PolicyScript.swift */,
			);
			path = View;
			sourceTree = "<group>";
		};
		9128AFE62A21D3FB00FB1252 = {
			isa = PBXGroup;
			children = (
				9128AFF12A21D3FB00FB1252 /* SeSACTON_iOS */,
				9128AFF02A21D3FB00FB1252 /* Products */,
			);
			sourceTree = "<group>";
		};
		9128AFF02A21D3FB00FB1252 /* Products */ = {
			isa = PBXGroup;
			children = (
				9128AFEF2A21D3FB00FB1252 /* SeSACTON_iOS.app */,
			);
			name = Products;
			sourceTree = "<group>";
		};
		9128AFF12A21D3FB00FB1252 /* SeSACTON_iOS */ = {
			isa = PBXGroup;
			children = (
				9128B00D2A233C6100FB1252 /* Feature */,
				9128B00C2A233C3F00FB1252 /* Global */,
			);
			path = SeSACTON_iOS;
			sourceTree = "<group>";
		};
		9128B0062A233BD200FB1252 /* App */ = {
			isa = PBXGroup;
			children = (
				9128AFF22A21D3FB00FB1252 /* AppDelegate.swift */,
				9128AFF42A21D3FB00FB1252 /* SceneDelegate.swift */,
				9128B0072A233BDC00FB1252 /* Base */,
			);
			path = App;
			sourceTree = "<group>";
		};
		9128B0072A233BDC00FB1252 /* Base */ = {
			isa = PBXGroup;
			children = (
				9128B0082A233BF300FB1252 /* BaseViewController.swift */,
				9128B00A2A233C0E00FB1252 /* BaseUIView.swift */,
			);
			path = Base;
			sourceTree = "<group>";
		};
		9128B00C2A233C3F00FB1252 /* Global */ = {
			isa = PBXGroup;
			children = (
				9128B0102A233CDA00FB1252 /* Util */,
				9128B00F2A233CCB00FB1252 /* Resource */,
				9128B00E2A233C7100FB1252 /* Config */,
				9128B0062A233BD200FB1252 /* App */,
			);
			path = Global;
			sourceTree = "<group>";
		};
		9128B00D2A233C6100FB1252 /* Feature */ = {
			isa = PBXGroup;
			children = (
				6BCF58D82A2A253F00C7B266 /* Policy */,
				9128AFF62A21D3FB00FB1252 /* TabBarController.swift */,
			);
			path = Feature;
			sourceTree = "<group>";
		};
		9128B00E2A233C7100FB1252 /* Config */ = {
			isa = PBXGroup;
			children = (
				9128B0002A21D3FE00FB1252 /* Info.plist */,
			);
			path = Config;
			sourceTree = "<group>";
		};
		9128B00F2A233CCB00FB1252 /* Resource */ = {
			isa = PBXGroup;
			children = (
				9128AFFB2A21D3FE00FB1252 /* Assets.xcassets */,
				9128AFFD2A21D3FE00FB1252 /* LaunchScreen.storyboard */,
			);
			path = Resource;
			sourceTree = "<group>";
		};
		9128B0102A233CDA00FB1252 /* Util */ = {
			isa = PBXGroup;
			children = (
				9128B01B2A233D9300FB1252 /* Literal */,
				9128B0142A233D1200FB1252 /* Extension */,
				9128B0132A233D0A00FB1252 /* Loading */,
			);
			path = Util;
			sourceTree = "<group>";
		};
		9128B0132A233D0A00FB1252 /* Loading */ = {
			isa = PBXGroup;
			children = (
				9128B0112A233CF600FB1252 /* LoadingView.swift */,
			);
			path = Loading;
			sourceTree = "<group>";
		};
		9128B0142A233D1200FB1252 /* Extension */ = {
			isa = PBXGroup;
			children = (
				9128B0152A233D1E00FB1252 /* UIColor+Extension.swift */,
				9128B0172A233D3000FB1252 /* UIStackView+Extension.swift */,
				9128B0192A233D3C00FB1252 /* UIView+Extension.swift */,
			);
			path = Extension;
			sourceTree = "<group>";
		};
		9128B01B2A233D9300FB1252 /* Literal */ = {
			isa = PBXGroup;
			children = (
				9128B01C2A233DA000FB1252 /* ImageLiterals.swift */,
			);
			path = Literal;
			sourceTree = "<group>";
		};
/* End PBXGroup section */

/* Begin PBXNativeTarget section */
		9128AFEE2A21D3FB00FB1252 /* SeSACTON_iOS */ = {
			isa = PBXNativeTarget;
			buildConfigurationList = 9128B0032A21D3FE00FB1252 /* Build configuration list for PBXNativeTarget "SeSACTON_iOS" */;
			buildPhases = (
				9128AFEB2A21D3FB00FB1252 /* Sources */,
				9128AFEC2A21D3FB00FB1252 /* Frameworks */,
				9128AFED2A21D3FB00FB1252 /* Resources */,
			);
			buildRules = (
			);
			dependencies = (
			);
			name = SeSACTON_iOS;
			packageProductDependencies = (
				9128B01F2A233E2300FB1252 /* SnapKit */,
				9128B0222A233E6600FB1252 /* Moya */,
				9158618F2A2F1C5E00461F9A /* RxBlocking */,
				915861912A2F1C5E00461F9A /* RxCocoa */,
				915861932A2F1C5E00461F9A /* RxRelay */,
				915861952A2F1C5E00461F9A /* RxSwift */,
			);
			productName = SeSACTON_iOS;
			productReference = 9128AFEF2A21D3FB00FB1252 /* SeSACTON_iOS.app */;
			productType = "com.apple.product-type.application";
		};
/* End PBXNativeTarget section */

/* Begin PBXProject section */
		9128AFE72A21D3FB00FB1252 /* Project object */ = {
			isa = PBXProject;
			attributes = {
				BuildIndependentTargetsInParallel = 1;
				LastSwiftUpdateCheck = 1420;
				LastUpgradeCheck = 1420;
				TargetAttributes = {
					9128AFEE2A21D3FB00FB1252 = {
						CreatedOnToolsVersion = 14.2;
					};
				};
			};
			buildConfigurationList = 9128AFEA2A21D3FB00FB1252 /* Build configuration list for PBXProject "SeSACTON_iOS" */;
			compatibilityVersion = "Xcode 14.0";
			developmentRegion = en;
			hasScannedForEncodings = 0;
			knownRegions = (
				en,
				Base,
			);
			mainGroup = 9128AFE62A21D3FB00FB1252;
			packageReferences = (
				9128B01E2A233E2300FB1252 /* XCRemoteSwiftPackageReference "SnapKit" */,
				9128B0212A233E6600FB1252 /* XCRemoteSwiftPackageReference "Moya" */,
				9158618E2A2F1C5E00461F9A /* XCRemoteSwiftPackageReference "RxSwift" */,
			);
			productRefGroup = 9128AFF02A21D3FB00FB1252 /* Products */;
			projectDirPath = "";
			projectRoot = "";
			targets = (
				9128AFEE2A21D3FB00FB1252 /* SeSACTON_iOS */,
			);
		};
/* End PBXProject section */

/* Begin PBXResourcesBuildPhase section */
		9128AFED2A21D3FB00FB1252 /* Resources */ = {
			isa = PBXResourcesBuildPhase;
			buildActionMask = 2147483647;
			files = (
				9128AFFF2A21D3FE00FB1252 /* LaunchScreen.storyboard in Resources */,
				9128AFFC2A21D3FE00FB1252 /* Assets.xcassets in Resources */,
			);
			runOnlyForDeploymentPostprocessing = 0;
		};
/* End PBXResourcesBuildPhase section */

/* Begin PBXSourcesBuildPhase section */
		9128AFEB2A21D3FB00FB1252 /* Sources */ = {
			isa = PBXSourcesBuildPhase;
			buildActionMask = 2147483647;
			files = (
				6BCF58DE2A2A258E00C7B266 /* PolicyCellName.swift in Sources */,
				9128B00B2A233C0E00FB1252 /* BaseUIView.swift in Sources */,
				9128B0162A233D1E00FB1252 /* UIColor+Extension.swift in Sources */,
				91E7ED462A3B2762009AA343 /* WebViewController.swift in Sources */,
				9128AFF72A21D3FB00FB1252 /* TabBarController.swift in Sources */,
				6BE73AF52A2DCEB20027F1B8 /* PolicyScript.swift in Sources */,
				9128B0182A233D3000FB1252 /* UIStackView+Extension.swift in Sources */,
				6BCF58E62A2A261800C7B266 /* HomeViewController.swift in Sources */,
				6BCF58DC2A2A255300C7B266 /* PolicyCell.swift in Sources */,
				6BCF58E42A2A260200C7B266 /* PolicyViewController.swift in Sources */,
				9128B0092A233BF300FB1252 /* BaseViewController.swift in Sources */,
				9128AFF32A21D3FB00FB1252 /* AppDelegate.swift in Sources */,
				9128AFF52A21D3FB00FB1252 /* SceneDelegate.swift in Sources */,
				9128B01D2A233DA000FB1252 /* ImageLiterals.swift in Sources */,
				9128B01A2A233D3C00FB1252 /* UIView+Extension.swift in Sources */,
				6BCF58EA2A2A271000C7B266 /* FindPolicyView.swift in Sources */,
				6BCF58E82A2A26FE00C7B266 /* FacilityView.swift in Sources */,
				6BCF58E22A2A25D300C7B266 /* PolicyViewModel.swift in Sources */,
				9128B0122A233CF600FB1252 /* LoadingView.swift in Sources */,
				91E7ED442A3AD665009AA343 /* MomContentsViewController.swift in Sources */,
			);
			runOnlyForDeploymentPostprocessing = 0;
		};
/* End PBXSourcesBuildPhase section */

/* Begin PBXVariantGroup section */
		9128AFFD2A21D3FE00FB1252 /* LaunchScreen.storyboard */ = {
			isa = PBXVariantGroup;
			children = (
				9128AFFE2A21D3FE00FB1252 /* Base */,
			);
			name = LaunchScreen.storyboard;
			sourceTree = "<group>";
		};
/* End PBXVariantGroup section */

/* Begin XCBuildConfiguration section */
		9128B0012A21D3FE00FB1252 /* Debug */ = {
			isa = XCBuildConfiguration;
			buildSettings = {
				ALWAYS_SEARCH_USER_PATHS = NO;
				CLANG_ANALYZER_NONNULL = YES;
				CLANG_ANALYZER_NUMBER_OBJECT_CONVERSION = YES_AGGRESSIVE;
				CLANG_CXX_LANGUAGE_STANDARD = "gnu++20";
				CLANG_ENABLE_MODULES = YES;
				CLANG_ENABLE_OBJC_ARC = YES;
				CLANG_ENABLE_OBJC_WEAK = YES;
				CLANG_WARN_BLOCK_CAPTURE_AUTORELEASING = YES;
				CLANG_WARN_BOOL_CONVERSION = YES;
				CLANG_WARN_COMMA = YES;
				CLANG_WARN_CONSTANT_CONVERSION = YES;
				CLANG_WARN_DEPRECATED_OBJC_IMPLEMENTATIONS = YES;
				CLANG_WARN_DIRECT_OBJC_ISA_USAGE = YES_ERROR;
				CLANG_WARN_DOCUMENTATION_COMMENTS = YES;
				CLANG_WARN_EMPTY_BODY = YES;
				CLANG_WARN_ENUM_CONVERSION = YES;
				CLANG_WARN_INFINITE_RECURSION = YES;
				CLANG_WARN_INT_CONVERSION = YES;
				CLANG_WARN_NON_LITERAL_NULL_CONVERSION = YES;
				CLANG_WARN_OBJC_IMPLICIT_RETAIN_SELF = YES;
				CLANG_WARN_OBJC_LITERAL_CONVERSION = YES;
				CLANG_WARN_OBJC_ROOT_CLASS = YES_ERROR;
				CLANG_WARN_QUOTED_INCLUDE_IN_FRAMEWORK_HEADER = YES;
				CLANG_WARN_RANGE_LOOP_ANALYSIS = YES;
				CLANG_WARN_STRICT_PROTOTYPES = YES;
				CLANG_WARN_SUSPICIOUS_MOVE = YES;
				CLANG_WARN_UNGUARDED_AVAILABILITY = YES_AGGRESSIVE;
				CLANG_WARN_UNREACHABLE_CODE = YES;
				CLANG_WARN__DUPLICATE_METHOD_MATCH = YES;
				COPY_PHASE_STRIP = NO;
				DEBUG_INFORMATION_FORMAT = dwarf;
				ENABLE_STRICT_OBJC_MSGSEND = YES;
				ENABLE_TESTABILITY = YES;
				GCC_C_LANGUAGE_STANDARD = gnu11;
				GCC_DYNAMIC_NO_PIC = NO;
				GCC_NO_COMMON_BLOCKS = YES;
				GCC_OPTIMIZATION_LEVEL = 0;
				GCC_PREPROCESSOR_DEFINITIONS = (
					"DEBUG=1",
					"$(inherited)",
				);
				GCC_WARN_64_TO_32_BIT_CONVERSION = YES;
				GCC_WARN_ABOUT_RETURN_TYPE = YES_ERROR;
				GCC_WARN_UNDECLARED_SELECTOR = YES;
				GCC_WARN_UNINITIALIZED_AUTOS = YES_AGGRESSIVE;
				GCC_WARN_UNUSED_FUNCTION = YES;
				GCC_WARN_UNUSED_VARIABLE = YES;
				IPHONEOS_DEPLOYMENT_TARGET = 14.0;
				MTL_ENABLE_DEBUG_INFO = INCLUDE_SOURCE;
				MTL_FAST_MATH = YES;
				ONLY_ACTIVE_ARCH = YES;
				SDKROOT = iphoneos;
				SWIFT_ACTIVE_COMPILATION_CONDITIONS = DEBUG;
				SWIFT_OPTIMIZATION_LEVEL = "-Onone";
			};
			name = Debug;
		};
		9128B0022A21D3FE00FB1252 /* Release */ = {
			isa = XCBuildConfiguration;
			buildSettings = {
				ALWAYS_SEARCH_USER_PATHS = NO;
				CLANG_ANALYZER_NONNULL = YES;
				CLANG_ANALYZER_NUMBER_OBJECT_CONVERSION = YES_AGGRESSIVE;
				CLANG_CXX_LANGUAGE_STANDARD = "gnu++20";
				CLANG_ENABLE_MODULES = YES;
				CLANG_ENABLE_OBJC_ARC = YES;
				CLANG_ENABLE_OBJC_WEAK = YES;
				CLANG_WARN_BLOCK_CAPTURE_AUTORELEASING = YES;
				CLANG_WARN_BOOL_CONVERSION = YES;
				CLANG_WARN_COMMA = YES;
				CLANG_WARN_CONSTANT_CONVERSION = YES;
				CLANG_WARN_DEPRECATED_OBJC_IMPLEMENTATIONS = YES;
				CLANG_WARN_DIRECT_OBJC_ISA_USAGE = YES_ERROR;
				CLANG_WARN_DOCUMENTATION_COMMENTS = YES;
				CLANG_WARN_EMPTY_BODY = YES;
				CLANG_WARN_ENUM_CONVERSION = YES;
				CLANG_WARN_INFINITE_RECURSION = YES;
				CLANG_WARN_INT_CONVERSION = YES;
				CLANG_WARN_NON_LITERAL_NULL_CONVERSION = YES;
				CLANG_WARN_OBJC_IMPLICIT_RETAIN_SELF = YES;
				CLANG_WARN_OBJC_LITERAL_CONVERSION = YES;
				CLANG_WARN_OBJC_ROOT_CLASS = YES_ERROR;
				CLANG_WARN_QUOTED_INCLUDE_IN_FRAMEWORK_HEADER = YES;
				CLANG_WARN_RANGE_LOOP_ANALYSIS = YES;
				CLANG_WARN_STRICT_PROTOTYPES = YES;
				CLANG_WARN_SUSPICIOUS_MOVE = YES;
				CLANG_WARN_UNGUARDED_AVAILABILITY = YES_AGGRESSIVE;
				CLANG_WARN_UNREACHABLE_CODE = YES;
				CLANG_WARN__DUPLICATE_METHOD_MATCH = YES;
				COPY_PHASE_STRIP = NO;
				DEBUG_INFORMATION_FORMAT = "dwarf-with-dsym";
				ENABLE_NS_ASSERTIONS = NO;
				ENABLE_STRICT_OBJC_MSGSEND = YES;
				GCC_C_LANGUAGE_STANDARD = gnu11;
				GCC_NO_COMMON_BLOCKS = YES;
				GCC_WARN_64_TO_32_BIT_CONVERSION = YES;
				GCC_WARN_ABOUT_RETURN_TYPE = YES_ERROR;
				GCC_WARN_UNDECLARED_SELECTOR = YES;
				GCC_WARN_UNINITIALIZED_AUTOS = YES_AGGRESSIVE;
				GCC_WARN_UNUSED_FUNCTION = YES;
				GCC_WARN_UNUSED_VARIABLE = YES;
				IPHONEOS_DEPLOYMENT_TARGET = 14.0;
				MTL_ENABLE_DEBUG_INFO = NO;
				MTL_FAST_MATH = YES;
				SDKROOT = iphoneos;
				SWIFT_COMPILATION_MODE = wholemodule;
				SWIFT_OPTIMIZATION_LEVEL = "-O";
				VALIDATE_PRODUCT = YES;
			};
			name = Release;
		};
		9128B0042A21D3FE00FB1252 /* Debug */ = {
			isa = XCBuildConfiguration;
			buildSettings = {
				ASSETCATALOG_COMPILER_APPICON_NAME = AppIcon;
				ASSETCATALOG_COMPILER_GLOBAL_ACCENT_COLOR_NAME = AccentColor;
				CODE_SIGN_STYLE = Automatic;
				CURRENT_PROJECT_VERSION = 1;
				DEVELOPMENT_TEAM = D96A3BCL3R;
				GENERATE_INFOPLIST_FILE = YES;
				INFOPLIST_FILE = SeSACTON_iOS/Global/Config/Info.plist;
				INFOPLIST_KEY_UIApplicationSupportsIndirectInputEvents = YES;
				INFOPLIST_KEY_UILaunchStoryboardName = LaunchScreen;
				INFOPLIST_KEY_UISupportedInterfaceOrientations_iPad = "UIInterfaceOrientationPortrait UIInterfaceOrientationPortraitUpsideDown UIInterfaceOrientationLandscapeLeft UIInterfaceOrientationLandscapeRight";
				INFOPLIST_KEY_UISupportedInterfaceOrientations_iPhone = "UIInterfaceOrientationPortrait UIInterfaceOrientationLandscapeLeft UIInterfaceOrientationLandscapeRight";
				LD_RUNPATH_SEARCH_PATHS = (
					"$(inherited)",
					"@executable_path/Frameworks",
				);
				MARKETING_VERSION = 1.0;
				PRODUCT_BUNDLE_IDENTIFIER = "com.JuneHyeokHong.SeSACTON-iOS";
				PRODUCT_NAME = "$(TARGET_NAME)";
				SWIFT_EMIT_LOC_STRINGS = YES;
				SWIFT_VERSION = 5.0;
				TARGETED_DEVICE_FAMILY = "1,2";
			};
			name = Debug;
		};
		9128B0052A21D3FE00FB1252 /* Release */ = {
			isa = XCBuildConfiguration;
			buildSettings = {
				ASSETCATALOG_COMPILER_APPICON_NAME = AppIcon;
				ASSETCATALOG_COMPILER_GLOBAL_ACCENT_COLOR_NAME = AccentColor;
				CODE_SIGN_STYLE = Automatic;
				CURRENT_PROJECT_VERSION = 1;
				DEVELOPMENT_TEAM = D96A3BCL3R;
				GENERATE_INFOPLIST_FILE = YES;
				INFOPLIST_FILE = SeSACTON_iOS/Global/Config/Info.plist;
				INFOPLIST_KEY_UIApplicationSupportsIndirectInputEvents = YES;
				INFOPLIST_KEY_UILaunchStoryboardName = LaunchScreen;
				INFOPLIST_KEY_UISupportedInterfaceOrientations_iPad = "UIInterfaceOrientationPortrait UIInterfaceOrientationPortraitUpsideDown UIInterfaceOrientationLandscapeLeft UIInterfaceOrientationLandscapeRight";
				INFOPLIST_KEY_UISupportedInterfaceOrientations_iPhone = "UIInterfaceOrientationPortrait UIInterfaceOrientationLandscapeLeft UIInterfaceOrientationLandscapeRight";
				LD_RUNPATH_SEARCH_PATHS = (
					"$(inherited)",
					"@executable_path/Frameworks",
				);
				MARKETING_VERSION = 1.0;
				PRODUCT_BUNDLE_IDENTIFIER = "com.JuneHyeokHong.SeSACTON-iOS";
				PRODUCT_NAME = "$(TARGET_NAME)";
				SWIFT_EMIT_LOC_STRINGS = YES;
				SWIFT_VERSION = 5.0;
				TARGETED_DEVICE_FAMILY = "1,2";
			};
			name = Release;
		};
/* End XCBuildConfiguration section */

/* Begin XCConfigurationList section */
		9128AFEA2A21D3FB00FB1252 /* Build configuration list for PBXProject "SeSACTON_iOS" */ = {
			isa = XCConfigurationList;
			buildConfigurations = (
				9128B0012A21D3FE00FB1252 /* Debug */,
				9128B0022A21D3FE00FB1252 /* Release */,
			);
			defaultConfigurationIsVisible = 0;
			defaultConfigurationName = Release;
		};
		9128B0032A21D3FE00FB1252 /* Build configuration list for PBXNativeTarget "SeSACTON_iOS" */ = {
			isa = XCConfigurationList;
			buildConfigurations = (
				9128B0042A21D3FE00FB1252 /* Debug */,
				9128B0052A21D3FE00FB1252 /* Release */,
			);
			defaultConfigurationIsVisible = 0;
			defaultConfigurationName = Release;
		};
/* End XCConfigurationList section */

/* Begin XCRemoteSwiftPackageReference section */
		9128B01E2A233E2300FB1252 /* XCRemoteSwiftPackageReference "SnapKit" */ = {
			isa = XCRemoteSwiftPackageReference;
			repositoryURL = "https://github.com/SnapKit/SnapKit.git";
			requirement = {
				branch = develop;
				kind = branch;
			};
		};
		9128B0212A233E6600FB1252 /* XCRemoteSwiftPackageReference "Moya" */ = {
			isa = XCRemoteSwiftPackageReference;
			repositoryURL = "https://github.com/Moya/Moya";
			requirement = {
				branch = master;
				kind = branch;
			};
		};
		9158618E2A2F1C5E00461F9A /* XCRemoteSwiftPackageReference "RxSwift" */ = {
			isa = XCRemoteSwiftPackageReference;
			repositoryURL = "https://github.com/ReactiveX/RxSwift";
			requirement = {
				kind = exactVersion;
				version = 6.5.0;
			};
		};
/* End XCRemoteSwiftPackageReference section */

/* Begin XCSwiftPackageProductDependency section */
		9128B01F2A233E2300FB1252 /* SnapKit */ = {
			isa = XCSwiftPackageProductDependency;
			package = 9128B01E2A233E2300FB1252 /* XCRemoteSwiftPackageReference "SnapKit" */;
			productName = SnapKit;
		};
		9128B0222A233E6600FB1252 /* Moya */ = {
			isa = XCSwiftPackageProductDependency;
			package = 9128B0212A233E6600FB1252 /* XCRemoteSwiftPackageReference "Moya" */;
			productName = Moya;
		};
		9158618F2A2F1C5E00461F9A /* RxBlocking */ = {
			isa = XCSwiftPackageProductDependency;
			package = 9158618E2A2F1C5E00461F9A /* XCRemoteSwiftPackageReference "RxSwift" */;
			productName = RxBlocking;
		};
		915861912A2F1C5E00461F9A /* RxCocoa */ = {
			isa = XCSwiftPackageProductDependency;
			package = 9158618E2A2F1C5E00461F9A /* XCRemoteSwiftPackageReference "RxSwift" */;
			productName = RxCocoa;
		};
		915861932A2F1C5E00461F9A /* RxRelay */ = {
			isa = XCSwiftPackageProductDependency;
			package = 9158618E2A2F1C5E00461F9A /* XCRemoteSwiftPackageReference "RxSwift" */;
			productName = RxRelay;
		};
		915861952A2F1C5E00461F9A /* RxSwift */ = {
			isa = XCSwiftPackageProductDependency;
			package = 9158618E2A2F1C5E00461F9A /* XCRemoteSwiftPackageReference "RxSwift" */;
			productName = RxSwift;
		};
/* End XCSwiftPackageProductDependency section */
	};
	rootObject = 9128AFE72A21D3FB00FB1252 /* Project object */;
}
